
Microsoft Visual Studio Solution File, Format Version 11.00
# Visual Studio 2010
Project("{FAE04EC0-301F-11D3-BF4B-00C04F79EFBC}") = "ThinMint_Netduino", "ThinMint_Netduino\ThinMint_Netduino.csproj", "{B53B18E7-AF48-4BCC-A19A-147E9445F6FE}"
EndProject
Global
	GlobalSection(SolutionConfigurationPlatforms) = preSolution
		Debug|Any CPU = Debug|Any CPU
		Release|Any CPU = Release|Any CPU
	EndGlobalSection
	GlobalSection(ProjectConfigurationPlatforms) = postSolution
		{B53B18E7-AF48-4BCC-A19A-147E9445F6FE}.Debug|Any CPU.ActiveCfg = Debug|Any CPU
		{B53B18E7-AF48-4BCC-A19A-147E9445F6FE}.Debug|Any CPU.Build.0 = Debug|Any CPU
		{B53B18E7-AF48-4BCC-A19A-147E9445F6FE}.Debug|Any CPU.Deploy.0 = Debug|Any CPU
		{B53B18E7-AF48-4BCC-A19A-147E9445F6FE}.Release|Any CPU.ActiveCfg = Release|Any CPU
		{B53B18E7-AF48-4BCC-A19A-147E9445F6FE}.Release|Any CPU.Build.0 = Release|Any CPU
		{B53B18E7-AF48-4BCC-A19A-147E9445F6FE}.Release|Any CPU.Deploy.0 = Release|Any CPU
	EndGlobalSection
	GlobalSection(SolutionProperties) = preSolution
		HideSolutionNode = FALSE
	EndGlobalSection
EndGlobal
